
Microsoft Visual Studio Solution File, Format Version 12.00
# Visual Studio 2017
Project("{FAE04EC0-301F-11D3-BF4B-00C04F79EFBC}") = "flight_of_argon", "flight_of_argon.csproj", "{12BEE1CA-4136-BE13-C4E9-2AA4C6D6F4FD}"
EndProject
Project("{FAE04EC0-301F-11D3-BF4B-00C04F79EFBC}") = "flight_of_argon.Plugins", "flight_of_argon.Plugins.csproj", "{95F21CBC-5779-432B-3BDF-6C89EEA6EC8D}"
EndProject
Project("{FAE04EC0-301F-11D3-BF4B-00C04F79EFBC}") = "flight_of_argon.Editor.Plugins", "flight_of_argon.Editor.Plugins.csproj", "{5A890740-6594-7076-53CF-0797C06894C2}"
EndProject
Global
	GlobalSection(SolutionConfigurationPlatforms) = preSolution
		Debug|Any CPU = Debug|Any CPU
		Release|Any CPU = Release|Any CPU
	EndGlobalSection
	GlobalSection(ProjectConfigurationPlatforms) = postSolution
		{12BEE1CA-4136-BE13-C4E9-2AA4C6D6F4FD}.Debug|Any CPU.ActiveCfg = Debug|Any CPU
		{12BEE1CA-4136-BE13-C4E9-2AA4C6D6F4FD}.Debug|Any CPU.Build.0 = Debug|Any CPU
		{12BEE1CA-4136-BE13-C4E9-2AA4C6D6F4FD}.Release|Any CPU.ActiveCfg = Release|Any CPU
		{12BEE1CA-4136-BE13-C4E9-2AA4C6D6F4FD}.Release|Any CPU.Build.0 = Release|Any CPU
		{95F21CBC-5779-432B-3BDF-6C89EEA6EC8D}.Debug|Any CPU.ActiveCfg = Debug|Any CPU
		{95F21CBC-5779-432B-3BDF-6C89EEA6EC8D}.Debug|Any CPU.Build.0 = Debug|Any CPU
		{95F21CBC-5779-432B-3BDF-6C89EEA6EC8D}.Release|Any CPU.ActiveCfg = Release|Any CPU
		{95F21CBC-5779-432B-3BDF-6C89EEA6EC8D}.Release|Any CPU.Build.0 = Release|Any CPU
		{5A890740-6594-7076-53CF-0797C06894C2}.Debug|Any CPU.ActiveCfg = Debug|Any CPU
		{5A890740-6594-7076-53CF-0797C06894C2}.Debug|Any CPU.Build.0 = Debug|Any CPU
		{5A890740-6594-7076-53CF-0797C06894C2}.Release|Any CPU.ActiveCfg = Release|Any CPU
		{5A890740-6594-7076-53CF-0797C06894C2}.Release|Any CPU.Build.0 = Release|Any CPU
	EndGlobalSection
	GlobalSection(SolutionProperties) = preSolution
		HideSolutionNode = FALSE
	EndGlobalSection
EndGlobal
